
Microsoft Visual Studio Solution File, Format Version 12.00
# Visual Studio Version 17
VisualStudioVersion = 17.7.34031.279
MinimumVisualStudioVersion = 10.0.40219.1
Project("{9A19103F-16F7-4668-BE54-9A1E7A4F7556}") = "BlazzorEcommerce.Server", "BlazzorEcommerce\Server\BlazzorEcommerce.Server.csproj", "{19FF9C0F-A6BD-492D-9936-9D3B0271849F}"
EndProject
Project("{9A19103F-16F7-4668-BE54-9A1E7A4F7556}") = "BlazzorEcommerce.Client", "BlazzorEcommerce\Client\BlazzorEcommerce.Client.csproj", "{112645BF-6465-4D9B-8D7C-A7F28F32CA85}"
EndProject
Project("{9A19103F-16F7-4668-BE54-9A1E7A4F7556}") = "BlazzorEcommerce.Shared", "BlazzorEcommerce\Shared\BlazzorEcommerce.Shared.csproj", "{689C54D9-D7BD-4E54-9346-B4D9D6E0B291}"
EndProject
Global
	GlobalSection(SolutionConfigurationPlatforms) = preSolution
		Debug|Any CPU = Debug|Any CPU
		Release|Any CPU = Release|Any CPU
	EndGlobalSection
	GlobalSection(ProjectConfigurationPlatforms) = postSolution
		{19FF9C0F-A6BD-492D-9936-9D3B0271849F}.Debug|Any CPU.ActiveCfg = Debug|Any CPU
		{19FF9C0F-A6BD-492D-9936-9D3B0271849F}.Debug|Any CPU.Build.0 = Debug|Any CPU
		{19FF9C0F-A6BD-492D-9936-9D3B0271849F}.Release|Any CPU.ActiveCfg = Release|Any CPU
		{19FF9C0F-A6BD-492D-9936-9D3B0271849F}.Release|Any CPU.Build.0 = Release|Any CPU
		{112645BF-6465-4D9B-8D7C-A7F28F32CA85}.Debug|Any CPU.ActiveCfg = Debug|Any CPU
		{112645BF-6465-4D9B-8D7C-A7F28F32CA85}.Debug|Any CPU.Build.0 = Debug|Any CPU
		{112645BF-6465-4D9B-8D7C-A7F28F32CA85}.Release|Any CPU.ActiveCfg = Release|Any CPU
		{112645BF-6465-4D9B-8D7C-A7F28F32CA85}.Release|Any CPU.Build.0 = Release|Any CPU
		{689C54D9-D7BD-4E54-9346-B4D9D6E0B291}.Debug|Any CPU.ActiveCfg = Debug|Any CPU
		{689C54D9-D7BD-4E54-9346-B4D9D6E0B291}.Debug|Any CPU.Build.0 = Debug|Any CPU
		{689C54D9-D7BD-4E54-9346-B4D9D6E0B291}.Release|Any CPU.ActiveCfg = Release|Any CPU
		{689C54D9-D7BD-4E54-9346-B4D9D6E0B291}.Release|Any CPU.Build.0 = Release|Any CPU
	EndGlobalSection
	GlobalSection(SolutionProperties) = preSolution
		HideSolutionNode = FALSE
	EndGlobalSection
	GlobalSection(ExtensibilityGlobals) = postSolution
		SolutionGuid = {76F2DCF5-ABD8-484F-81D7-0A3348B80314}
	EndGlobalSection
EndGlobal
